
Microsoft Visual Studio Solution File, Format Version 12.00
# Visual Studio Version 16
VisualStudioVersion = 25.0.1703.0
MinimumVisualStudioVersion = 10.0.40219.1
Project("{FAE04EC0-301F-11D3-BF4B-00C04F79EFBC}") = "MASAPI", "MASAPI\MASAPI.csproj", "{B4783DBE-6351-4A07-B230-3F297B2EC15F}"
EndProject
Global
	GlobalSection(SolutionConfigurationPlatforms) = preSolution
		Debug|Any CPU = Debug|Any CPU
		Release|Any CPU = Release|Any CPU
	EndGlobalSection
	GlobalSection(ProjectConfigurationPlatforms) = postSolution
		{B4783DBE-6351-4A07-B230-3F297B2EC15F}.Debug|Any CPU.ActiveCfg = Debug|Any CPU
		{B4783DBE-6351-4A07-B230-3F297B2EC15F}.Debug|Any CPU.Build.0 = Debug|Any CPU
		{B4783DBE-6351-4A07-B230-3F297B2EC15F}.Release|Any CPU.ActiveCfg = Release|Any CPU
		{B4783DBE-6351-4A07-B230-3F297B2EC15F}.Release|Any CPU.Build.0 = Release|Any CPU
	EndGlobalSection
	GlobalSection(SolutionProperties) = preSolution
		HideSolutionNode = FALSE
	EndGlobalSection
	GlobalSection(ExtensibilityGlobals) = postSolution
		SolutionGuid = {86986F53-42BF-4B7B-BA13-0F21CEFD943A}
	EndGlobalSection
EndGlobal
